# THIS IS AN AUTOGENERATED FILE. DO NOT EDIT THIS FILE DIRECTLY.
# yarn lockfile v1


todomvc-app-css@^2.0.0:
  version "2.4.1"
  resolved "https://registry.nlark.com/todomvc-app-css/download/todomvc-app-css-2.4.1.tgz#528b7e40a2d82e01d2756333c8ac34e23b750ff8"
  integrity sha1-Uot+QKLYLgHSdWMzyKw04jt1D/g=

todomvc-common@^1.0.0:
  version "1.0.5"
  resolved "https://registry.nlark.com/todomvc-common/download/todomvc-common-1.0.5.tgz#8c3e799ac9f1fc1573e0c204f984510826914730"
  integrity sha1-jD55msnx/BVz4MIE+YRRCCaRRzA=
